
Microsoft Visual Studio Solution File, Format Version 12.00
# Visual Studio Version 17
VisualStudioVersion = 17.2.32519.379
MinimumVisualStudioVersion = 10.0.40219.1
Project("{FAE04EC0-301F-11D3-BF4B-00C04F79EFBC}") = "Clase09_1", "Clase09_1\Clase09_1.csproj", "{03E807F1-AEC8-49E3-A524-6F563A2EB4FC}"
EndProject
Global
	GlobalSection(SolutionConfigurationPlatforms) = preSolution
		Debug|Any CPU = Debug|Any CPU
		Release|Any CPU = Release|Any CPU
	EndGlobalSection
	GlobalSection(ProjectConfigurationPlatforms) = postSolution
		{03E807F1-AEC8-49E3-A524-6F563A2EB4FC}.Debug|Any CPU.ActiveCfg = Debug|Any CPU
		{03E807F1-AEC8-49E3-A524-6F563A2EB4FC}.Debug|Any CPU.Build.0 = Debug|Any CPU
		{03E807F1-AEC8-49E3-A524-6F563A2EB4FC}.Release|Any CPU.ActiveCfg = Release|Any CPU
		{03E807F1-AEC8-49E3-A524-6F563A2EB4FC}.Release|Any CPU.Build.0 = Release|Any CPU
	EndGlobalSection
	GlobalSection(SolutionProperties) = preSolution
		HideSolutionNode = FALSE
	EndGlobalSection
	GlobalSection(ExtensibilityGlobals) = postSolution
		SolutionGuid = {F556249A-0ADE-4C5E-A45F-8EF636A09B79}
	EndGlobalSection
EndGlobal
